// !$*UTF8*$!
{
	archiveVersion = 1;
	classes = {
	};
	objectVersion = 50;
	objects = {

/* Begin PBXBuildFile section */
		FE189CBC2153F07B0007FA3A /* ModelFramework.framework in Frameworks */ = {isa = PBXBuildFile; fileRef = FE189CB22153F07B0007FA3A /* ModelFramework.framework */; };
		FE189CC12153F07B0007FA3A /* ModelFrameworkTests.m in Sources */ = {isa = PBXBuildFile; fileRef = FE189CC02153F07B0007FA3A /* ModelFrameworkTests.m */; };
		FE189CC32153F07B0007FA3A /* ModelFramework.h in Headers */ = {isa = PBXBuildFile; fileRef = FE189CB52153F07B0007FA3A /* ModelFramework.h */; settings = {ATTRIBUTES = (Public, ); }; };
/* End PBXBuildFile section */

/* Begin PBXContainerItemProxy section */
		FE189CBD2153F07B0007FA3A /* PBXContainerItemProxy */ = {
			isa = PBXContainerItemProxy;
			containerPortal = FE189CA92153F07B0007FA3A /* Project object */;
			proxyType = 1;
			remoteGlobalIDString = FE189CB12153F07B0007FA3A;
			remoteInfo = ModelFramework;
		};
/* End PBXContainerItemProxy section */

/* Begin PBXFileReference section */
		FE189CB22153F07B0007FA3A /* ModelFramework.framework */ = {isa = PBXFileReference; explicitFileType = wrapper.framework; includeInIndex = 0; path = ModelFramework.framework; sourceTree = BUILT_PRODUCTS_DIR; };
		FE189CB52153F07B0007FA3A /* ModelFramework.h */ = {isa = PBXFileReference; lastKnownFileType = sourcecode.c.h; path = ModelFramework.h; sourceTree = "<group>"; };
		FE189CB62153F07B0007FA3A /* Info.plist */ = {isa = PBXFileReference; lastKnownFileType = text.plist.xml; path = Info.plist; sourceTree = "<group>"; };
		FE189CBB2153F07B0007FA3A /* ModelFrameworkTests.xctest */ = {isa = PBXFileReference; explicitFileType = wrapper.cfbundle; includeInIndex = 0; path = ModelFrameworkTests.xctest; sourceTree = BUILT_PRODUCTS_DIR; };
		FE189CC02153F07B0007FA3A /* ModelFrameworkTests.m */ = {isa = PBXFileReference; lastKnownFileType = sourcecode.c.objc; path = ModelFrameworkTests.m; sourceTree = "<group>"; };
		FE189CC22153F07B0007FA3A /* Info.plist */ = {isa = PBXFileReference; lastKnownFileType = text.plist.xml; path = Info.plist; sourceTree = "<group>"; };
/* End PBXFileReference section */

/* Begin PBXFrameworksBuildPhase section */
		FE189CAE2153F07B0007FA3A /* Frameworks */ = {
			isa = PBXFrameworksBuildPhase;
			buildActionMask = 2147483647;
			files = (
			);
			runOnlyForDeploymentPostprocessing = 0;
		};
		FE189CB82153F07B0007FA3A /* Frameworks */ = {
			isa = PBXFrameworksBuildPhase;
			buildActionMask = 2147483647;
			files = (
				FE189CBC2153F07B0007FA3A /* ModelFramework.framework in Frameworks */,
			);
			runOnlyForDeploymentPostprocessing = 0;
		};
/* End PBXFrameworksBuildPhase section */

/* Begin PBXGroup section */
		FE189CA82153F07B0007FA3A = {
			isa = PBXGroup;
			children = (
				FE189CB42153F07B0007FA3A /* ModelFramework */,
				FE189CBF2153F07B0007FA3A /* ModelFrameworkTests */,
				FE189CB32153F07B0007FA3A /* Products */,
			);
			sourceTree = "<group>";
		};
		FE189CB32153F07B0007FA3A /* Products */ = {
			isa = PBXGroup;
			children = (
				FE189CB22153F07B0007FA3A /* ModelFramework.framework */,
				FE189CBB2153F07B0007FA3A /* ModelFrameworkTests.xctest */,
			);
			name = Products;
			sourceTree = "<group>";
		};
		FE189CB42153F07B0007FA3A /* ModelFramework */ = {
			isa = PBXGroup;
			children = (
				FE189CB52153F07B0007FA3A /* ModelFramework.h */,
				FE189CB62153F07B0007FA3A /* Info.plist */,
			);
			path = ModelFramework;
			sourceTree = "<group>";
		};
		FE189CBF2153F07B0007FA3A /* ModelFrameworkTests */ = {
			isa = PBXGroup;
			children = (
				FE189CC02153F07B0007FA3A /* ModelFrameworkTests.m */,
				FE189CC22153F07B0007FA3A /* Info.plist */,
			);
			path = ModelFrameworkTests;
			sourceTree = "<group>";
		};
/* End PBXGroup section */

/* Begin PBXHeadersBuildPhase section */
		FE189CAF2153F07B0007FA3A /* Headers */ = {
			isa = PBXHeadersBuildPhase;
			buildActionMask = 2147483647;
			files = (
				FE189CC32153F07B0007FA3A /* ModelFramework.h in Headers */,
			);
			runOnlyForDeploymentPostprocessing = 0;
		};
/* End PBXHeadersBuildPhase section */

/* Begin PBXNativeTarget section */
		FE189CB12153F07B0007FA3A /* ModelFramework */ = {
			isa = PBXNativeTarget;
			buildConfigurationList = FE189CC62153F07B0007FA3A /* Build configuration list for PBXNativeTarget "ModelFramework" */;
			buildPhases = (
				FE189CAD2153F07B0007FA3A /* Sources */,
				FE189CAE2153F07B0007FA3A /* Frameworks */,
				FE189CAF2153F07B0007FA3A /* Headers */,
				FE189CB02153F07B0007FA3A /* Resources */,
			);
			buildRules = (
			);
			dependencies = (
			);
			name = ModelFramework;
			productName = ModelFramework;
			productReference = FE189CB22153F07B0007FA3A /* ModelFramework.framework */;
			productType = "com.apple.product-type.framework";
		};
		FE189CBA2153F07B0007FA3A /* ModelFrameworkTests */ = {
			isa = PBXNativeTarget;
			buildConfigurationList = FE189CC92153F07B0007FA3A /* Build configuration list for PBXNativeTarget "ModelFrameworkTests" */;
			buildPhases = (
				FE189CB72153F07B0007FA3A /* Sources */,
				FE189CB82153F07B0007FA3A /* Frameworks */,
				FE189CB92153F07B0007FA3A /* Resources */,
			);
			buildRules = (
			);
			dependencies = (
				FE189CBE2153F07B0007FA3A /* PBXTargetDependency */,
			);
			name = ModelFrameworkTests;
			productName = ModelFrameworkTests;
			productReference = FE189CBB2153F07B0007FA3A /* ModelFrameworkTests.xctest */;
			productType = "com.apple.product-type.bundle.unit-test";
		};
/* End PBXNativeTarget section */

/* Begin PBXProject section */
		FE189CA92153F07B0007FA3A /* Project object */ = {
			isa = PBXProject;
			attributes = {
				LastUpgradeCheck = 0940;
				ORGANIZATIONNAME = "Shutterfly, Inc";
				TargetAttributes = {
					FE189CB12153F07B0007FA3A = {
						CreatedOnToolsVersion = 9.4.1;
					};
					FE189CBA2153F07B0007FA3A = {
						CreatedOnToolsVersion = 9.4.1;
					};
				};
			};
			buildConfigurationList = FE189CAC2153F07B0007FA3A /* Build configuration list for PBXProject "ModelFramework" */;
			compatibilityVersion = "Xcode 9.3";
			developmentRegion = en;
			hasScannedForEncodings = 0;
			knownRegions = (
				en,
			);
			mainGroup = FE189CA82153F07B0007FA3A;
			productRefGroup = FE189CB32153F07B0007FA3A /* Products */;
			projectDirPath = "";
			projectRoot = "";
			targets = (
				FE189CB12153F07B0007FA3A /* ModelFramework */,
				FE189CBA2153F07B0007FA3A /* ModelFrameworkTests */,
			);
		};
/* End PBXProject section */

/* Begin PBXResourcesBuildPhase section */
		FE189CB02153F07B0007FA3A /* Resources */ = {
			isa = PBXResourcesBuildPhase;
			buildActionMask = 2147483647;
			files = (
			);
			runOnlyForDeploymentPostprocessing = 0;
		};
		FE189CB92153F07B0007FA3A /* Resources */ = {
			isa = PBXResourcesBuildPhase;
			buildActionMask = 2147483647;
			files = (
			);
			runOnlyForDeploymentPostprocessing = 0;
		};
/* End PBXResourcesBuildPhase section */

/* Begin PBXSourcesBuildPhase section */
		FE189CAD2153F07B0007FA3A /* Sources */ = {
			isa = PBXSourcesBuildPhase;
			buildActionMask = 2147483647;
			files = (
			);
			runOnlyForDeploymentPostprocessing = 0;
		};
		FE189CB72153F07B0007FA3A /* Sources */ = {
			isa = PBXSourcesBuildPhase;
			buildActionMask = 2147483647;
			files = (
				FE189CC12153F07B0007FA3A /* ModelFrameworkTests.m in Sources */,
			);
			runOnlyForDeploymentPostprocessing = 0;
		};
/* End PBXSourcesBuildPhase section */

/* Begin PBXTargetDependency section */
		FE189CBE2153F07B0007FA3A /* PBXTargetDependency */ = {
			isa = PBXTargetDependency;
			target = FE189CB12153F07B0007FA3A /* ModelFramework */;
			targetProxy = FE189CBD2153F07B0007FA3A /* PBXContainerItemProxy */;
		};
/* End PBXTargetDependency section */

/* Begin XCBuildConfiguration section */
		FE189CC42153F07B0007FA3A /* Debug */ = {
			isa = XCBuildConfiguration;
			buildSettings = {
				ALWAYS_SEARCH_USER_PATHS = NO;
				CLANG_ANALYZER_NONNULL = YES;
				CLANG_ANALYZER_NUMBER_OBJECT_CONVERSION = YES_AGGRESSIVE;
				CLANG_CXX_LANGUAGE_STANDARD = "gnu++14";
				CLANG_CXX_LIBRARY = "libc++";
				CLANG_ENABLE_MODULES = YES;
				CLANG_ENABLE_OBJC_ARC = YES;
				CLANG_ENABLE_OBJC_WEAK = YES;
				CLANG_WARN_BLOCK_CAPTURE_AUTORELEASING = YES;
				CLANG_WARN_BOOL_CONVERSION = YES;
				CLANG_WARN_COMMA = YES;
				CLANG_WARN_CONSTANT_CONVERSION = YES;
				CLANG_WARN_DEPRECATED_OBJC_IMPLEMENTATIONS = YES;
				CLANG_WARN_DIRECT_OBJC_ISA_USAGE = YES_ERROR;
				CLANG_WARN_DOCUMENTATION_COMMENTS = YES;
				CLANG_WARN_EMPTY_BODY = YES;
				CLANG_WARN_ENUM_CONVERSION = YES;
				CLANG_WARN_INFINITE_RECURSION = YES;
				CLANG_WARN_INT_CONVERSION = YES;
				CLANG_WARN_NON_LITERAL_NULL_CONVERSION = YES;
				CLANG_WARN_OBJC_IMPLICIT_RETAIN_SELF = YES;
				CLANG_WARN_OBJC_LITERAL_CONVERSION = YES;
				CLANG_WARN_OBJC_ROOT_CLASS = YES_ERROR;
				CLANG_WARN_RANGE_LOOP_ANALYSIS = YES;
				CLANG_WARN_STRICT_PROTOTYPES = YES;
				CLANG_WARN_SUSPICIOUS_MOVE = YES;
				CLANG_WARN_UNGUARDED_AVAILABILITY = YES_AGGRESSIVE;
				CLANG_WARN_UNREACHABLE_CODE = YES;
				CLANG_WARN__DUPLICATE_METHOD_MATCH = YES;
				CODE_SIGN_IDENTITY = "iPhone Developer";
				COPY_PHASE_STRIP = NO;
				CURRENT_PROJECT_VERSION = 1;
				DEBUG_INFORMATION_FORMAT = dwarf;
				ENABLE_STRICT_OBJC_MSGSEND = YES;
				ENABLE_TESTABILITY = YES;
				GCC_C_LANGUAGE_STANDARD = gnu11;
				GCC_DYNAMIC_NO_PIC = NO;
				GCC_NO_COMMON_BLOCKS = YES;
				GCC_OPTIMIZATION_LEVEL = 0;
				GCC_PREPROCESSOR_DEFINITIONS = (
					"DEBUG=1",
					"$(inherited)",
				);
				GCC_WARN_64_TO_32_BIT_CONVERSION = YES;
				GCC_WARN_ABOUT_RETURN_TYPE = YES_ERROR;
				GCC_WARN_UNDECLARED_SELECTOR = YES;
				GCC_WARN_UNINITIALIZED_AUTOS = YES_AGGRESSIVE;
				GCC_WARN_UNUSED_FUNCTION = YES;
				GCC_WARN_UNUSED_VARIABLE = YES;
				IPHONEOS_DEPLOYMENT_TARGET = 11.4;
				MTL_ENABLE_DEBUG_INFO = YES;
				ONLY_ACTIVE_ARCH = YES;
				SDKROOT = iphoneos;
				VERSIONING_SYSTEM = "apple-generic";
				VERSION_INFO_PREFIX = "";
			};
			name = Debug;
		};
		FE189CC52153F07B0007FA3A /* Release */ = {
			isa = XCBuildConfiguration;
			buildSettings = {
				ALWAYS_SEARCH_USER_PATHS = NO;
				CLANG_ANALYZER_NONNULL = YES;
				CLANG_ANALYZER_NUMBER_OBJECT_CONVERSION = YES_AGGRESSIVE;
				CLANG_CXX_LANGUAGE_STANDARD = "gnu++14";
				CLANG_CXX_LIBRARY = "libc++";
				CLANG_ENABLE_MODULES = YES;
				CLANG_ENABLE_OBJC_ARC = YES;
				CLANG_ENABLE_OBJC_WEAK = YES;
				CLANG_WARN_BLOCK_CAPTURE_AUTORELEASING = YES;
				CLANG_WARN_BOOL_CONVERSION = YES;
				CLANG_WARN_COMMA = YES;
				CLANG_WARN_CONSTANT_CONVERSION = YES;
				CLANG_WARN_DEPRECATED_OBJC_IMPLEMENTATIONS = YES;
				CLANG_WARN_DIRECT_OBJC_ISA_USAGE = YES_ERROR;
				CLANG_WARN_DOCUMENTATION_COMMENTS = YES;
				CLANG_WARN_EMPTY_BODY = YES;
				CLANG_WARN_ENUM_CONVERSION = YES;
				CLANG_WARN_INFINITE_RECURSION = YES;
				CLANG_WARN_INT_CONVERSION = YES;
				CLANG_WARN_NON_LITERAL_NULL_CONVERSION = YES;
				CLANG_WARN_OBJC_IMPLICIT_RETAIN_SELF = YES;
				CLANG_WARN_OBJC_LITERAL_CONVERSION = YES;
				CLANG_WARN_OBJC_ROOT_CLASS = YES_ERROR;
				CLANG_WARN_RANGE_LOOP_ANALYSIS = YES;
				CLANG_WARN_STRICT_PROTOTYPES = YES;
				CLANG_WARN_SUSPICIOUS_MOVE = YES;
				CLANG_WARN_UNGUARDED_AVAILABILITY = YES_AGGRESSIVE;
				CLANG_WARN_UNREACHABLE_CODE = YES;
				CLANG_WARN__DUPLICATE_METHOD_MATCH = YES;
				CODE_SIGN_IDENTITY = "iPhone Developer";
				COPY_PHASE_STRIP = NO;
				CURRENT_PROJECT_VERSION = 1;
				DEBUG_INFORMATION_FORMAT = "dwarf-with-dsym";
				ENABLE_NS_ASSERTIONS = NO;
				ENABLE_STRICT_OBJC_MSGSEND = YES;
				GCC_C_LANGUAGE_STANDARD = gnu11;
				GCC_NO_COMMON_BLOCKS = YES;
				GCC_WARN_64_TO_32_BIT_CONVERSION = YES;
				GCC_WARN_ABOUT_RETURN_TYPE = YES_ERROR;
				GCC_WARN_UNDECLARED_SELECTOR = YES;
				GCC_WARN_UNINITIALIZED_AUTOS = YES_AGGRESSIVE;
				GCC_WARN_UNUSED_FUNCTION = YES;
				GCC_WARN_UNUSED_VARIABLE = YES;
				IPHONEOS_DEPLOYMENT_TARGET = 11.4;
				MTL_ENABLE_DEBUG_INFO = NO;
				SDKROOT = iphoneos;
				VALIDATE_PRODUCT = YES;
				VERSIONING_SYSTEM = "apple-generic";
				VERSION_INFO_PREFIX = "";
			};
			name = Release;
		};
		FE189CC72153F07B0007FA3A /* Debug */ = {
			isa = XCBuildConfiguration;
			buildSettings = {
				CODE_SIGN_IDENTITY = "";
				CODE_SIGN_STYLE = Automatic;
				DEFINES_MODULE = YES;
				DYLIB_COMPATIBILITY_VERSION = 1;
				DYLIB_CURRENT_VERSION = 1;
				DYLIB_INSTALL_NAME_BASE = "@rpath";
				INFOPLIST_FILE = ModelFramework/Info.plist;
				INSTALL_PATH = "$(LOCAL_LIBRARY_DIR)/Frameworks";
				LD_RUNPATH_SEARCH_PATHS = (
					"$(inherited)",
					"@executable_path/Frameworks",
					"@loader_path/Frameworks",
				);
				PRODUCT_BUNDLE_IDENTIFIER = com.shutterfly.swiftsupprtlibdemo.ModelFramework;
				PRODUCT_NAME = "$(TARGET_NAME:c99extidentifier)";
				SKIP_INSTALL = YES;
				TARGETED_DEVICE_FAMILY = "1,2";
			};
			name = Debug;
		};
		FE189CC82153F07B0007FA3A /* Release */ = {
			isa = XCBuildConfiguration;
			buildSettings = {
				CODE_SIGN_IDENTITY = "";
				CODE_SIGN_STYLE = Automatic;
				DEFINES_MODULE = YES;
				DYLIB_COMPATIBILITY_VERSION = 1;
				DYLIB_CURRENT_VERSION = 1;
				DYLIB_INSTALL_NAME_BASE = "@rpath";
				INFOPLIST_FILE = ModelFramework/Info.plist;
				INSTALL_PATH = "$(LOCAL_LIBRARY_DIR)/Frameworks";
				LD_RUNPATH_SEARCH_PATHS = (
					"$(inherited)",
					"@executable_path/Frameworks",
					"@loader_path/Frameworks",
				);
				PRODUCT_BUNDLE_IDENTIFIER = com.shutterfly.swiftsupprtlibdemo.ModelFramework;
				PRODUCT_NAME = "$(TARGET_NAME:c99extidentifier)";
				SKIP_INSTALL = YES;
				TARGETED_DEVICE_FAMILY = "1,2";
			};
			name = Release;
		};
		FE189CCA2153F07B0007FA3A /* Debug */ = {
			isa = XCBuildConfiguration;
			buildSettings = {
				CODE_SIGN_STYLE = Automatic;
				INFOPLIST_FILE = ModelFrameworkTests/Info.plist;
				LD_RUNPATH_SEARCH_PATHS = (
					"$(inherited)",
					"@executable_path/Frameworks",
					"@loader_path/Frameworks",
				);
				PRODUCT_BUNDLE_IDENTIFIER = com.shutterfly.swiftsupprtlibdemo.ModelFrameworkTests;
				PRODUCT_NAME = "$(TARGET_NAME)";
				TARGETED_DEVICE_FAMILY = "1,2";
			};
			name = Debug;
		};
		FE189CCB2153F07B0007FA3A /* Release */ = {
			isa = XCBuildConfiguration;
			buildSettings = {
				CODE_SIGN_STYLE = Automatic;
				INFOPLIST_FILE = ModelFrameworkTests/Info.plist;
				LD_RUNPATH_SEARCH_PATHS = (
					"$(inherited)",
					"@executable_path/Frameworks",
					"@loader_path/Frameworks",
				);
				PRODUCT_BUNDLE_IDENTIFIER = com.shutterfly.swiftsupprtlibdemo.ModelFrameworkTests;
				PRODUCT_NAME = "$(TARGET_NAME)";
				TARGETED_DEVICE_FAMILY = "1,2";
			};
			name = Release;
		};
/* End XCBuildConfiguration section */

/* Begin XCConfigurationList section */
		FE189CAC2153F07B0007FA3A /* Build configuration list for PBXProject "ModelFramework" */ = {
			isa = XCConfigurationList;
			buildConfigurations = (
				FE189CC42153F07B0007FA3A /* Debug */,
				FE189CC52153F07B0007FA3A /* Release */,
			);
			defaultConfigurationIsVisible = 0;
			defaultConfigurationName = Release;
		};
		FE189CC62153F07B0007FA3A /* Build configuration list for PBXNativeTarget "ModelFramework" */ = {
			isa = XCConfigurationList;
			buildConfigurations = (
				FE189CC72153F07B0007FA3A /* Debug */,
				FE189CC82153F07B0007FA3A /* Release */,
			);
			defaultConfigurationIsVisible = 0;
			defaultConfigurationName = Release;
		};
		FE189CC92153F07B0007FA3A /* Build configuration list for PBXNativeTarget "ModelFrameworkTests" */ = {
			isa = XCConfigurationList;
			buildConfigurations = (
				FE189CCA2153F07B0007FA3A /* Debug */,
				FE189CCB2153F07B0007FA3A /* Release */,
			);
			defaultConfigurationIsVisible = 0;
			defaultConfigurationName = Release;
		};
/* End XCConfigurationList section */
	};
	rootObject = FE189CA92153F07B0007FA3A /* Project object */;
}
